// !$*UTF8*$!
{
	archiveVersion = 1;
	classes = {
	};
	objectVersion = 46;
	objects = {

/* Begin PBXBuildFile section */
		7B431DBA1D2F12A500B13B8A /* AppDelegate.swift in Sources */ = {isa = PBXBuildFile; fileRef = 7B431DB91D2F12A500B13B8A /* AppDelegate.swift */; };
		7B431DBC1D2F12A500B13B8A /* ViewController.swift in Sources */ = {isa = PBXBuildFile; fileRef = 7B431DBB1D2F12A500B13B8A /* ViewController.swift */; };
		7B431DBF1D2F12A500B13B8A /* Main.storyboard in Resources */ = {isa = PBXBuildFile; fileRef = 7B431DBD1D2F12A500B13B8A /* Main.storyboard */; };
		7B431DC11D2F12A500B13B8A /* Assets.xcassets in Resources */ = {isa = PBXBuildFile; fileRef = 7B431DC01D2F12A500B13B8A /* Assets.xcassets */; };
		7B431DC41D2F12A500B13B8A /* LaunchScreen.storyboard in Resources */ = {isa = PBXBuildFile; fileRef = 7B431DC21D2F12A500B13B8A /* LaunchScreen.storyboard */; };
		7B431DCF1D2F12A500B13B8A /* tipsTests.swift in Sources */ = {isa = PBXBuildFile; fileRef = 7B431DCE1D2F12A500B13B8A /* tipsTests.swift */; };
		7B431DDA1D2F12A500B13B8A /* tipsUITests.swift in Sources */ = {isa = PBXBuildFile; fileRef = 7B431DD91D2F12A500B13B8A /* tipsUITests.swift */; };
		7B431DEE1D2F1D7B00B13B8A /* SettingsViewController.swift in Sources */ = {isa = PBXBuildFile; fileRef = 7B431DED1D2F1D7B00B13B8A /* SettingsViewController.swift */; settings = {ASSET_TAGS = (); }; };
/* End PBXBuildFile section */

/* Begin PBXContainerItemProxy section */
		7B431DCB1D2F12A500B13B8A /* PBXContainerItemProxy */ = {
			isa = PBXContainerItemProxy;
			containerPortal = 7B431DAE1D2F12A500B13B8A /* Project object */;
			proxyType = 1;
			remoteGlobalIDString = 7B431DB51D2F12A500B13B8A;
			remoteInfo = tips;
		};
		7B431DD61D2F12A500B13B8A /* PBXContainerItemProxy */ = {
			isa = PBXContainerItemProxy;
			containerPortal = 7B431DAE1D2F12A500B13B8A /* Project object */;
			proxyType = 1;
			remoteGlobalIDString = 7B431DB51D2F12A500B13B8A;
			remoteInfo = tips;
		};
/* End PBXContainerItemProxy section */

/* Begin PBXFileReference section */
		7B431DB61D2F12A500B13B8A /* tips.app */ = {isa = PBXFileReference; explicitFileType = wrapper.application; includeInIndex = 0; path = tips.app; sourceTree = BUILT_PRODUCTS_DIR; };
		7B431DB91D2F12A500B13B8A /* AppDelegate.swift */ = {isa = PBXFileReference; lastKnownFileType = sourcecode.swift; path = AppDelegate.swift; sourceTree = "<group>"; };
		7B431DBB1D2F12A500B13B8A /* ViewController.swift */ = {isa = PBXFileReference; lastKnownFileType = sourcecode.swift; path = ViewController.swift; sourceTree = "<group>"; };
		7B431DBE1D2F12A500B13B8A /* Base */ = {isa = PBXFileReference; lastKnownFileType = file.storyboard; name = Base; path = Base.lproj/Main.storyboard; sourceTree = "<group>"; };
		7B431DC01D2F12A500B13B8A /* Assets.xcassets */ = {isa = PBXFileReference; lastKnownFileType = folder.assetcatalog; path = Assets.xcassets; sourceTree = "<group>"; };
		7B431DC31D2F12A500B13B8A /* Base */ = {isa = PBXFileReference; lastKnownFileType = file.storyboard; name = Base; path = Base.lproj/LaunchScreen.storyboard; sourceTree = "<group>"; };
		7B431DC51D2F12A500B13B8A /* Info.plist */ = {isa = PBXFileReference; lastKnownFileType = text.plist.xml; path = Info.plist; sourceTree = "<group>"; };
		7B431DCA1D2F12A500B13B8A /* tipsTests.xctest */ = {isa = PBXFileReference; explicitFileType = wrapper.cfbundle; includeInIndex = 0; path = tipsTests.xctest; sourceTree = BUILT_PRODUCTS_DIR; };
		7B431DCE1D2F12A500B13B8A /* tipsTests.swift */ = {isa = PBXFileReference; lastKnownFileType = sourcecode.swift; path = tipsTests.swift; sourceTree = "<group>"; };
		7B431DD01D2F12A500B13B8A /* Info.plist */ = {isa = PBXFileReference; lastKnownFileType = text.plist.xml; path = Info.plist; sourceTree = "<group>"; };
		7B431DD51D2F12A500B13B8A /* tipsUITests.xctest */ = {isa = PBXFileReference; explicitFileType = wrapper.cfbundle; includeInIndex = 0; path = tipsUITests.xctest; sourceTree = BUILT_PRODUCTS_DIR; };
		7B431DD91D2F12A500B13B8A /* tipsUITests.swift */ = {isa = PBXFileReference; lastKnownFileType = sourcecode.swift; path = tipsUITests.swift; sourceTree = "<group>"; };
		7B431DDB1D2F12A500B13B8A /* Info.plist */ = {isa = PBXFileReference; lastKnownFileType = text.plist.xml; path = Info.plist; sourceTree = "<group>"; };
		7B431DED1D2F1D7B00B13B8A /* SettingsViewController.swift */ = {isa = PBXFileReference; fileEncoding = 4; lastKnownFileType = sourcecode.swift; path = SettingsViewController.swift; sourceTree = "<group>"; };
/* End PBXFileReference section */

/* Begin PBXFrameworksBuildPhase section */
		7B431DB31D2F12A500B13B8A /* Frameworks */ = {
			isa = PBXFrameworksBuildPhase;
			buildActionMask = 2147483647;
			files = (
			);
			runOnlyForDeploymentPostprocessing = 0;
		};
		7B431DC71D2F12A500B13B8A /* Frameworks */ = {
			isa = PBXFrameworksBuildPhase;
			buildActionMask = 2147483647;
			files = (
			);
			runOnlyForDeploymentPostprocessing = 0;
		};
		7B431DD21D2F12A500B13B8A /* Frameworks */ = {
			isa = PBXFrameworksBuildPhase;
			buildActionMask = 2147483647;
			files = (
			);
			runOnlyForDeploymentPostprocessing = 0;
		};
/* End PBXFrameworksBuildPhase section */

/* Begin PBXGroup section */
		7B431DAD1D2F12A500B13B8A = {
			isa = PBXGroup;
			children = (
				7B431DB81D2F12A500B13B8A /* tips */,
				7B431DCD1D2F12A500B13B8A /* tipsTests */,
				7B431DD81D2F12A500B13B8A /* tipsUITests */,
				7B431DB71D2F12A500B13B8A /* Products */,
			);
			sourceTree = "<group>";
		};
		7B431DB71D2F12A500B13B8A /* Products */ = {
			isa = PBXGroup;
			children = (
				7B431DB61D2F12A500B13B8A /* tips.app */,
				7B431DCA1D2F12A500B13B8A /* tipsTests.xctest */,
				7B431DD51D2F12A500B13B8A /* tipsUITests.xctest */,
			);
			name = Products;
			sourceTree = "<group>";
		};
		7B431DB81D2F12A500B13B8A /* tips */ = {
			isa = PBXGroup;
			children = (
				7B431DED1D2F1D7B00B13B8A /* SettingsViewController.swift */,
				7B431DB91D2F12A500B13B8A /* AppDelegate.swift */,
				7B431DBB1D2F12A500B13B8A /* ViewController.swift */,
				7B431DBD1D2F12A500B13B8A /* Main.storyboard */,
				7B431DC01D2F12A500B13B8A /* Assets.xcassets */,
				7B431DC21D2F12A500B13B8A /* LaunchScreen.storyboard */,
				7B431DC51D2F12A500B13B8A /* Info.plist */,
			);
			path = tips;
			sourceTree = "<group>";
		};
		7B431DCD1D2F12A500B13B8A /* tipsTests */ = {
			isa = PBXGroup;
			children = (
				7B431DCE1D2F12A500B13B8A /* tipsTests.swift */,
				7B431DD01D2F12A500B13B8A /* Info.plist */,
			);
			path = tipsTests;
			sourceTree = "<group>";
		};
		7B431DD81D2F12A500B13B8A /* tipsUITests */ = {
			isa = PBXGroup;
			children = (
				7B431DD91D2F12A500B13B8A /* tipsUITests.swift */,
				7B431DDB1D2F12A500B13B8A /* Info.plist */,
			);
			path = tipsUITests;
			sourceTree = "<group>";
		};
/* End PBXGroup section */

/* Begin PBXNativeTarget section */
		7B431DB51D2F12A500B13B8A /* tips */ = {
			isa = PBXNativeTarget;
			buildConfigurationList = 7B431DDE1D2F12A500B13B8A /* Build configuration list for PBXNativeTarget "tips" */;
			buildPhases = (
				7B431DB21D2F12A500B13B8A /* Sources */,
				7B431DB31D2F12A500B13B8A /* Frameworks */,
				7B431DB41D2F12A500B13B8A /* Resources */,
			);
			buildRules = (
			);
			dependencies = (
			);
			name = tips;
			productName = tips;
			productReference = 7B431DB61D2F12A500B13B8A /* tips.app */;
			productType = "com.apple.product-type.application";
		};
		7B431DC91D2F12A500B13B8A /* tipsTests */ = {
			isa = PBXNativeTarget;
			buildConfigurationList = 7B431DE11D2F12A500B13B8A /* Build configuration list for PBXNativeTarget "tipsTests" */;
			buildPhases = (
				7B431DC61D2F12A500B13B8A /* Sources */,
				7B431DC71D2F12A500B13B8A /* Frameworks */,
				7B431DC81D2F12A500B13B8A /* Resources */,
			);
			buildRules = (
			);
			dependencies = (
				7B431DCC1D2F12A500B13B8A /* PBXTargetDependency */,
			);
			name = tipsTests;
			productName = tipsTests;
			productReference = 7B431DCA1D2F12A500B13B8A /* tipsTests.xctest */;
			productType = "com.apple.product-type.bundle.unit-test";
		};
		7B431DD41D2F12A500B13B8A /* tipsUITests */ = {
			isa = PBXNativeTarget;
			buildConfigurationList = 7B431DE41D2F12A500B13B8A /* Build configuration list for PBXNativeTarget "tipsUITests" */;
			buildPhases = (
				7B431DD11D2F12A500B13B8A /* Sources */,
				7B431DD21D2F12A500B13B8A /* Frameworks */,
				7B431DD31D2F12A500B13B8A /* Resources */,
			);
			buildRules = (
			);
			dependencies = (
				7B431DD71D2F12A500B13B8A /* PBXTargetDependency */,
			);
			name = tipsUITests;
			productName = tipsUITests;
			productReference = 7B431DD51D2F12A500B13B8A /* tipsUITests.xctest */;
			productType = "com.apple.product-type.bundle.ui-testing";
		};
/* End PBXNativeTarget section */

/* Begin PBXProject section */
		7B431DAE1D2F12A500B13B8A /* Project object */ = {
			isa = PBXProject;
			attributes = {
				LastUpgradeCheck = 0700;
				ORGANIZATIONNAME = "Ankit Jasuja";
				TargetAttributes = {
					7B431DB51D2F12A500B13B8A = {
						CreatedOnToolsVersion = 7.0.1;
					};
					7B431DC91D2F12A500B13B8A = {
						CreatedOnToolsVersion = 7.0.1;
						TestTargetID = 7B431DB51D2F12A500B13B8A;
					};
					7B431DD41D2F12A500B13B8A = {
						CreatedOnToolsVersion = 7.0.1;
						TestTargetID = 7B431DB51D2F12A500B13B8A;
					};
				};
			};
			buildConfigurationList = 7B431DB11D2F12A500B13B8A /* Build configuration list for PBXProject "tips" */;
			compatibilityVersion = "Xcode 3.2";
			developmentRegion = English;
			hasScannedForEncodings = 0;
			knownRegions = (
				en,
				Base,
			);
			mainGroup = 7B431DAD1D2F12A500B13B8A;
			productRefGroup = 7B431DB71D2F12A500B13B8A /* Products */;
			projectDirPath = "";
			projectRoot = "";
			targets = (
				7B431DB51D2F12A500B13B8A /* tips */,
				7B431DC91D2F12A500B13B8A /* tipsTests */,
				7B431DD41D2F12A500B13B8A /* tipsUITests */,
			);
		};
/* End PBXProject section */

/* Begin PBXResourcesBuildPhase section */
		7B431DB41D2F12A500B13B8A /* Resources */ = {
			isa = PBXResourcesBuildPhase;
			buildActionMask = 2147483647;
			files = (
				7B431DC41D2F12A500B13B8A /* LaunchScreen.storyboard in Resources */,
				7B431DC11D2F12A500B13B8A /* Assets.xcassets in Resources */,
				7B431DBF1D2F12A500B13B8A /* Main.storyboard in Resources */,
			);
			runOnlyForDeploymentPostprocessing = 0;
		};
		7B431DC81D2F12A500B13B8A /* Resources */ = {
			isa = PBXResourcesBuildPhase;
			buildActionMask = 2147483647;
			files = (
			);
			runOnlyForDeploymentPostprocessing = 0;
		};
		7B431DD31D2F12A500B13B8A /* Resources */ = {
			isa = PBXResourcesBuildPhase;
			buildActionMask = 2147483647;
			files = (
			);
			runOnlyForDeploymentPostprocessing = 0;
		};
/* End PBXResourcesBuildPhase section */

/* Begin PBXSourcesBuildPhase section */
		7B431DB21D2F12A500B13B8A /* Sources */ = {
			isa = PBXSourcesBuildPhase;
			buildActionMask = 2147483647;
			files = (
				7B431DBC1D2F12A500B13B8A /* ViewController.swift in Sources */,
				7B431DBA1D2F12A500B13B8A /* AppDelegate.swift in Sources */,
				7B431DEE1D2F1D7B00B13B8A /* SettingsViewController.swift in Sources */,
			);
			runOnlyForDeploymentPostprocessing = 0;
		};
		7B431DC61D2F12A500B13B8A /* Sources */ = {
			isa = PBXSourcesBuildPhase;
			buildActionMask = 2147483647;
			files = (
				7B431DCF1D2F12A500B13B8A /* tipsTests.swift in Sources */,
			);
			runOnlyForDeploymentPostprocessing = 0;
		};
		7B431DD11D2F12A500B13B8A /* Sources */ = {
			isa = PBXSourcesBuildPhase;
			buildActionMask = 2147483647;
			files = (
				7B431DDA1D2F12A500B13B8A /* tipsUITests.swift in Sources */,
			);
			runOnlyForDeploymentPostprocessing = 0;
		};
/* End PBXSourcesBuildPhase section */

/* Begin PBXTargetDependency section */
		7B431DCC1D2F12A500B13B8A /* PBXTargetDependency */ = {
			isa = PBXTargetDependency;
			target = 7B431DB51D2F12A500B13B8A /* tips */;
			targetProxy = 7B431DCB1D2F12A500B13B8A /* PBXContainerItemProxy */;
		};
		7B431DD71D2F12A500B13B8A /* PBXTargetDependency */ = {
			isa = PBXTargetDependency;
			target = 7B431DB51D2F12A500B13B8A /* tips */;
			targetProxy = 7B431DD61D2F12A500B13B8A /* PBXContainerItemProxy */;
		};
/* End PBXTargetDependency section */

/* Begin PBXVariantGroup section */
		7B431DBD1D2F12A500B13B8A /* Main.storyboard */ = {
			isa = PBXVariantGroup;
			children = (
				7B431DBE1D2F12A500B13B8A /* Base */,
			);
			name = Main.storyboard;
			sourceTree = "<group>";
		};
		7B431DC21D2F12A500B13B8A /* LaunchScreen.storyboard */ = {
			isa = PBXVariantGroup;
			children = (
				7B431DC31D2F12A500B13B8A /* Base */,
			);
			name = LaunchScreen.storyboard;
			sourceTree = "<group>";
		};
/* End PBXVariantGroup section */

/* Begin XCBuildConfiguration section */
		7B431DDC1D2F12A500B13B8A /* Debug */ = {
			isa = XCBuildConfiguration;
			buildSettings = {
				ALWAYS_SEARCH_USER_PATHS = NO;
				CLANG_CXX_LANGUAGE_STANDARD = "gnu++0x";
				CLANG_CXX_LIBRARY = "libc++";
				CLANG_ENABLE_MODULES = YES;
				CLANG_ENABLE_OBJC_ARC = YES;
				CLANG_WARN_BOOL_CONVERSION = YES;
				CLANG_WARN_CONSTANT_CONVERSION = YES;
				CLANG_WARN_DIRECT_OBJC_ISA_USAGE = YES_ERROR;
				CLANG_WARN_EMPTY_BODY = YES;
				CLANG_WARN_ENUM_CONVERSION = YES;
				CLANG_WARN_INT_CONVERSION = YES;
				CLANG_WARN_OBJC_ROOT_CLASS = YES_ERROR;
				CLANG_WARN_UNREACHABLE_CODE = YES;
				CLANG_WARN__DUPLICATE_METHOD_MATCH = YES;
				"CODE_SIGN_IDENTITY[sdk=iphoneos*]" = "iPhone Developer";
				COPY_PHASE_STRIP = NO;
				DEBUG_INFORMATION_FORMAT = dwarf;
				ENABLE_STRICT_OBJC_MSGSEND = YES;
				ENABLE_TESTABILITY = YES;
				GCC_C_LANGUAGE_STANDARD = gnu99;
				GCC_DYNAMIC_NO_PIC = NO;
				GCC_NO_COMMON_BLOCKS = YES;
				GCC_OPTIMIZATION_LEVEL = 0;
				GCC_PREPROCESSOR_DEFINITIONS = (
					"DEBUG=1",
					"$(inherited)",
				);
				GCC_WARN_64_TO_32_BIT_CONVERSION = YES;
				GCC_WARN_ABOUT_RETURN_TYPE = YES_ERROR;
				GCC_WARN_UNDECLARED_SELECTOR = YES;
				GCC_WARN_UNINITIALIZED_AUTOS = YES_AGGRESSIVE;
				GCC_WARN_UNUSED_FUNCTION = YES;
				GCC_WARN_UNUSED_VARIABLE = YES;
				IPHONEOS_DEPLOYMENT_TARGET = 9.0;
				MTL_ENABLE_DEBUG_INFO = YES;
				ONLY_ACTIVE_ARCH = YES;
				SDKROOT = iphoneos;
				SWIFT_OPTIMIZATION_LEVEL = "-Onone";
			};
			name = Debug;
		};
		7B431DDD1D2F12A500B13B8A /* Release */ = {
			isa = XCBuildConfiguration;
			buildSettings = {
				ALWAYS_SEARCH_USER_PATHS = NO;
				CLANG_CXX_LANGUAGE_STANDARD = "gnu++0x";
				CLANG_CXX_LIBRARY = "libc++";
				CLANG_ENABLE_MODULES = YES;
				CLANG_ENABLE_OBJC_ARC = YES;
				CLANG_WARN_BOOL_CONVERSION = YES;
				CLANG_WARN_CONSTANT_CONVERSION = YES;
				CLANG_WARN_DIRECT_OBJC_ISA_USAGE = YES_ERROR;
				CLANG_WARN_EMPTY_BODY = YES;
				CLANG_WARN_ENUM_CONVERSION = YES;
				CLANG_WARN_INT_CONVERSION = YES;
				CLANG_WARN_OBJC_ROOT_CLASS = YES_ERROR;
				CLANG_WARN_UNREACHABLE_CODE = YES;
				CLANG_WARN__DUPLICATE_METHOD_MATCH = YES;
				"CODE_SIGN_IDENTITY[sdk=iphoneos*]" = "iPhone Developer";
				COPY_PHASE_STRIP = NO;
				DEBUG_INFORMATION_FORMAT = "dwarf-with-dsym";
				ENABLE_NS_ASSERTIONS = NO;
				ENABLE_STRICT_OBJC_MSGSEND = YES;
				GCC_C_LANGUAGE_STANDARD = gnu99;
				GCC_NO_COMMON_BLOCKS = YES;
				GCC_WARN_64_TO_32_BIT_CONVERSION = YES;
				GCC_WARN_ABOUT_RETURN_TYPE = YES_ERROR;
				GCC_WARN_UNDECLARED_SELECTOR = YES;
				GCC_WARN_UNINITIALIZED_AUTOS = YES_AGGRESSIVE;
				GCC_WARN_UNUSED_FUNCTION = YES;
				GCC_WARN_UNUSED_VARIABLE = YES;
				IPHONEOS_DEPLOYMENT_TARGET = 9.0;
				MTL_ENABLE_DEBUG_INFO = NO;
				SDKROOT = iphoneos;
				VALIDATE_PRODUCT = YES;
			};
			name = Release;
		};
		7B431DDF1D2F12A500B13B8A /* Debug */ = {
			isa = XCBuildConfiguration;
			buildSettings = {
				ASSETCATALOG_COMPILER_APPICON_NAME = AppIcon;
				INFOPLIST_FILE = tips/Info.plist;
				LD_RUNPATH_SEARCH_PATHS = "$(inherited) @executable_path/Frameworks";
				PRODUCT_BUNDLE_IDENTIFIER = com.ajasuja.tips;
				PRODUCT_NAME = "$(TARGET_NAME)";
			};
			name = Debug;
		};
		7B431DE01D2F12A500B13B8A /* Release */ = {
			isa = XCBuildConfiguration;
			buildSettings = {
				ASSETCATALOG_COMPILER_APPICON_NAME = AppIcon;
				INFOPLIST_FILE = tips/Info.plist;
				LD_RUNPATH_SEARCH_PATHS = "$(inherited) @executable_path/Frameworks";
				PRODUCT_BUNDLE_IDENTIFIER = com.ajasuja.tips;
				PRODUCT_NAME = "$(TARGET_NAME)";
			};
			name = Release;
		};
		7B431DE21D2F12A500B13B8A /* Debug */ = {
			isa = XCBuildConfiguration;
			buildSettings = {
				BUNDLE_LOADER = "$(TEST_HOST)";
				INFOPLIST_FILE = tipsTests/Info.plist;
				LD_RUNPATH_SEARCH_PATHS = "$(inherited) @executable_path/Frameworks @loader_path/Frameworks";
				PRODUCT_BUNDLE_IDENTIFIER = com.ajasuja.tipsTests;
				PRODUCT_NAME = "$(TARGET_NAME)";
				TEST_HOST = "$(BUILT_PRODUCTS_DIR)/tips.app/tips";
			};
			name = Debug;
		};
		7B431DE31D2F12A500B13B8A /* Release */ = {
			isa = XCBuildConfiguration;
			buildSettings = {
				BUNDLE_LOADER = "$(TEST_HOST)";
				INFOPLIST_FILE = tipsTests/Info.plist;
				LD_RUNPATH_SEARCH_PATHS = "$(inherited) @executable_path/Frameworks @loader_path/Frameworks";
				PRODUCT_BUNDLE_IDENTIFIER = com.ajasuja.tipsTests;
				PRODUCT_NAME = "$(TARGET_NAME)";
				TEST_HOST = "$(BUILT_PRODUCTS_DIR)/tips.app/tips";
			};
			name = Release;
		};
		7B431DE51D2F12A500B13B8A /* Debug */ = {
			isa = XCBuildConfiguration;
			buildSettings = {
				INFOPLIST_FILE = tipsUITests/Info.plist;
				LD_RUNPATH_SEARCH_PATHS = "$(inherited) @executable_path/Frameworks @loader_path/Frameworks";
				PRODUCT_BUNDLE_IDENTIFIER = com.ajasuja.tipsUITests;
				PRODUCT_NAME = "$(TARGET_NAME)";
				TEST_TARGET_NAME = tips;
				USES_XCTRUNNER = YES;
			};
			name = Debug;
		};
		7B431DE61D2F12A500B13B8A /* Release */ = {
			isa = XCBuildConfiguration;
			buildSettings = {
				INFOPLIST_FILE = tipsUITests/Info.plist;
				LD_RUNPATH_SEARCH_PATHS = "$(inherited) @executable_path/Frameworks @loader_path/Frameworks";
				PRODUCT_BUNDLE_IDENTIFIER = com.ajasuja.tipsUITests;
				PRODUCT_NAME = "$(TARGET_NAME)";
				TEST_TARGET_NAME = tips;
				USES_XCTRUNNER = YES;
			};
			name = Release;
		};
/* End XCBuildConfiguration section */

/* Begin XCConfigurationList section */
		7B431DB11D2F12A500B13B8A /* Build configuration list for PBXProject "tips" */ = {
			isa = XCConfigurationList;
			buildConfigurations = (
				7B431DDC1D2F12A500B13B8A /* Debug */,
				7B431DDD1D2F12A500B13B8A /* Release */,
			);
			defaultConfigurationIsVisible = 0;
			defaultConfigurationName = Release;
		};
		7B431DDE1D2F12A500B13B8A /* Build configuration list for PBXNativeTarget "tips" */ = {
			isa = XCConfigurationList;
			buildConfigurations = (
				7B431DDF1D2F12A500B13B8A /* Debug */,
				7B431DE01D2F12A500B13B8A /* Release */,
			);
			defaultConfigurationIsVisible = 0;
		};
		7B431DE11D2F12A500B13B8A /* Build configuration list for PBXNativeTarget "tipsTests" */ = {
			isa = XCConfigurationList;
			buildConfigurations = (
				7B431DE21D2F12A500B13B8A /* Debug */,
				7B431DE31D2F12A500B13B8A /* Release */,
			);
			defaultConfigurationIsVisible = 0;
		};
		7B431DE41D2F12A500B13B8A /* Build configuration list for PBXNativeTarget "tipsUITests" */ = {
			isa = XCConfigurationList;
			buildConfigurations = (
				7B431DE51D2F12A500B13B8A /* Debug */,
				7B431DE61D2F12A500B13B8A /* Release */,
			);
			defaultConfigurationIsVisible = 0;
		};
/* End XCConfigurationList section */
	};
	rootObject = 7B431DAE1D2F12A500B13B8A /* Project object */;
}
